// !$*UTF8*$!
{
	archiveVersion = 1;
	classes = {
	};
	objectVersion = 46;
	objects = {

/* Begin PBXBuildFile section */
		9ABCCC791A80693D00BA9C65 /* main.m in Sources */ = {isa = PBXBuildFile; fileRef = 9ABCCC781A80693D00BA9C65 /* main.m */; };
		9ABCCC7C1A80693D00BA9C65 /* AppDelegate.m in Sources */ = {isa = PBXBuildFile; fileRef = 9ABCCC7B1A80693D00BA9C65 /* AppDelegate.m */; };
		9ABCCC7F1A80693D00BA9C65 /* ViewController.m in Sources */ = {isa = PBXBuildFile; fileRef = 9ABCCC7E1A80693D00BA9C65 /* ViewController.m */; };
		9ABCCC821A80693D00BA9C65 /* Main.storyboard in Resources */ = {isa = PBXBuildFile; fileRef = 9ABCCC801A80693D00BA9C65 /* Main.storyboard */; };
		9ABCCC841A80693D00BA9C65 /* Images.xcassets in Resources */ = {isa = PBXBuildFile; fileRef = 9ABCCC831A80693D00BA9C65 /* Images.xcassets */; };
		9ABCCC871A80693D00BA9C65 /* LaunchScreen.xib in Resources */ = {isa = PBXBuildFile; fileRef = 9ABCCC851A80693D00BA9C65 /* LaunchScreen.xib */; };
		9ABCCC931A80693D00BA9C65 /* DragImageTests.m in Sources */ = {isa = PBXBuildFile; fileRef = 9ABCCC921A80693D00BA9C65 /* DragImageTests.m */; };
		9ABCCC9E1A808CB100BA9C65 /* DragCell.m in Sources */ = {isa = PBXBuildFile; fileRef = 9ABCCC9D1A808CB100BA9C65 /* DragCell.m */; };
/* End PBXBuildFile section */

/* Begin PBXContainerItemProxy section */
		9ABCCC8D1A80693D00BA9C65 /* PBXContainerItemProxy */ = {
			isa = PBXContainerItemProxy;
			containerPortal = 9ABCCC6B1A80693D00BA9C65 /* Project object */;
			proxyType = 1;
			remoteGlobalIDString = 9ABCCC721A80693D00BA9C65;
			remoteInfo = DragImage;
		};
/* End PBXContainerItemProxy section */

/* Begin PBXFileReference section */
		9ABCCC731A80693D00BA9C65 /* DragImage.app */ = {isa = PBXFileReference; explicitFileType = wrapper.application; includeInIndex = 0; path = DragImage.app; sourceTree = BUILT_PRODUCTS_DIR; };
		9ABCCC771A80693D00BA9C65 /* Info.plist */ = {isa = PBXFileReference; lastKnownFileType = text.plist.xml; path = Info.plist; sourceTree = "<group>"; };
		9ABCCC781A80693D00BA9C65 /* main.m */ = {isa = PBXFileReference; lastKnownFileType = sourcecode.c.objc; path = main.m; sourceTree = "<group>"; };
		9ABCCC7A1A80693D00BA9C65 /* AppDelegate.h */ = {isa = PBXFileReference; lastKnownFileType = sourcecode.c.h; path = AppDelegate.h; sourceTree = "<group>"; };
		9ABCCC7B1A80693D00BA9C65 /* AppDelegate.m */ = {isa = PBXFileReference; lastKnownFileType = sourcecode.c.objc; path = AppDelegate.m; sourceTree = "<group>"; };
		9ABCCC7D1A80693D00BA9C65 /* ViewController.h */ = {isa = PBXFileReference; lastKnownFileType = sourcecode.c.h; path = ViewController.h; sourceTree = "<group>"; };
		9ABCCC7E1A80693D00BA9C65 /* ViewController.m */ = {isa = PBXFileReference; lastKnownFileType = sourcecode.c.objc; path = ViewController.m; sourceTree = "<group>"; };
		9ABCCC811A80693D00BA9C65 /* Base */ = {isa = PBXFileReference; lastKnownFileType = file.storyboard; name = Base; path = Base.lproj/Main.storyboard; sourceTree = "<group>"; };
		9ABCCC831A80693D00BA9C65 /* Images.xcassets */ = {isa = PBXFileReference; lastKnownFileType = folder.assetcatalog; path = Images.xcassets; sourceTree = "<group>"; };
		9ABCCC861A80693D00BA9C65 /* Base */ = {isa = PBXFileReference; lastKnownFileType = file.xib; name = Base; path = Base.lproj/LaunchScreen.xib; sourceTree = "<group>"; };
		9ABCCC8C1A80693D00BA9C65 /* DragImageTests.xctest */ = {isa = PBXFileReference; explicitFileType = wrapper.cfbundle; includeInIndex = 0; path = DragImageTests.xctest; sourceTree = BUILT_PRODUCTS_DIR; };
		9ABCCC911A80693D00BA9C65 /* Info.plist */ = {isa = PBXFileReference; lastKnownFileType = text.plist.xml; path = Info.plist; sourceTree = "<group>"; };
		9ABCCC921A80693D00BA9C65 /* DragImageTests.m */ = {isa = PBXFileReference; lastKnownFileType = sourcecode.c.objc; path = DragImageTests.m; sourceTree = "<group>"; };
		9ABCCC9C1A808CB100BA9C65 /* DragCell.h */ = {isa = PBXFileReference; fileEncoding = 4; lastKnownFileType = sourcecode.c.h; path = DragCell.h; sourceTree = "<group>"; };
		9ABCCC9D1A808CB100BA9C65 /* DragCell.m */ = {isa = PBXFileReference; fileEncoding = 4; lastKnownFileType = sourcecode.c.objc; path = DragCell.m; sourceTree = "<group>"; };
/* End PBXFileReference section */

/* Begin PBXFrameworksBuildPhase section */
		9ABCCC701A80693D00BA9C65 /* Frameworks */ = {
			isa = PBXFrameworksBuildPhase;
			buildActionMask = 2147483647;
			files = (
			);
			runOnlyForDeploymentPostprocessing = 0;
		};
		9ABCCC891A80693D00BA9C65 /* Frameworks */ = {
			isa = PBXFrameworksBuildPhase;
			buildActionMask = 2147483647;
			files = (
			);
			runOnlyForDeploymentPostprocessing = 0;
		};
/* End PBXFrameworksBuildPhase section */

/* Begin PBXGroup section */
		9ABCCC6A1A80693D00BA9C65 = {
			isa = PBXGroup;
			children = (
				9ABCCC751A80693D00BA9C65 /* DragImage */,
				9ABCCC8F1A80693D00BA9C65 /* DragImageTests */,
				9ABCCC741A80693D00BA9C65 /* Products */,
			);
			sourceTree = "<group>";
		};
		9ABCCC741A80693D00BA9C65 /* Products */ = {
			isa = PBXGroup;
			children = (
				9ABCCC731A80693D00BA9C65 /* DragImage.app */,
				9ABCCC8C1A80693D00BA9C65 /* DragImageTests.xctest */,
			);
			name = Products;
			sourceTree = "<group>";
		};
		9ABCCC751A80693D00BA9C65 /* DragImage */ = {
			isa = PBXGroup;
			children = (
				9ABCCC7A1A80693D00BA9C65 /* AppDelegate.h */,
				9ABCCC7B1A80693D00BA9C65 /* AppDelegate.m */,
				9ABCCC7D1A80693D00BA9C65 /* ViewController.h */,
				9ABCCC7E1A80693D00BA9C65 /* ViewController.m */,
				9ABCCC801A80693D00BA9C65 /* Main.storyboard */,
				9ABCCC831A80693D00BA9C65 /* Images.xcassets */,
				9ABCCC851A80693D00BA9C65 /* LaunchScreen.xib */,
				9ABCCC761A80693D00BA9C65 /* Supporting Files */,
				9ABCCC9C1A808CB100BA9C65 /* DragCell.h */,
				9ABCCC9D1A808CB100BA9C65 /* DragCell.m */,
			);
			path = DragImage;
			sourceTree = "<group>";
		};
		9ABCCC761A80693D00BA9C65 /* Supporting Files */ = {
			isa = PBXGroup;
			children = (
				9ABCCC771A80693D00BA9C65 /* Info.plist */,
				9ABCCC781A80693D00BA9C65 /* main.m */,
			);
			name = "Supporting Files";
			sourceTree = "<group>";
		};
		9ABCCC8F1A80693D00BA9C65 /* DragImageTests */ = {
			isa = PBXGroup;
			children = (
				9ABCCC921A80693D00BA9C65 /* DragImageTests.m */,
				9ABCCC901A80693D00BA9C65 /* Supporting Files */,
			);
			path = DragImageTests;
			sourceTree = "<group>";
		};
		9ABCCC901A80693D00BA9C65 /* Supporting Files */ = {
			isa = PBXGroup;
			children = (
				9ABCCC911A80693D00BA9C65 /* Info.plist */,
			);
			name = "Supporting Files";
			sourceTree = "<group>";
		};
/* End PBXGroup section */

/* Begin PBXNativeTarget section */
		9ABCCC721A80693D00BA9C65 /* DragImage */ = {
			isa = PBXNativeTarget;
			buildConfigurationList = 9ABCCC961A80693D00BA9C65 /* Build configuration list for PBXNativeTarget "DragImage" */;
			buildPhases = (
				9ABCCC6F1A80693D00BA9C65 /* Sources */,
				9ABCCC701A80693D00BA9C65 /* Frameworks */,
				9ABCCC711A80693D00BA9C65 /* Resources */,
			);
			buildRules = (
			);
			dependencies = (
			);
			name = DragImage;
			productName = DragImage;
			productReference = 9ABCCC731A80693D00BA9C65 /* DragImage.app */;
			productType = "com.apple.product-type.application";
		};
		9ABCCC8B1A80693D00BA9C65 /* DragImageTests */ = {
			isa = PBXNativeTarget;
			buildConfigurationList = 9ABCCC991A80693D00BA9C65 /* Build configuration list for PBXNativeTarget "DragImageTests" */;
			buildPhases = (
				9ABCCC881A80693D00BA9C65 /* Sources */,
				9ABCCC891A80693D00BA9C65 /* Frameworks */,
				9ABCCC8A1A80693D00BA9C65 /* Resources */,
			);
			buildRules = (
			);
			dependencies = (
				9ABCCC8E1A80693D00BA9C65 /* PBXTargetDependency */,
			);
			name = DragImageTests;
			productName = DragImageTests;
			productReference = 9ABCCC8C1A80693D00BA9C65 /* DragImageTests.xctest */;
			productType = "com.apple.product-type.bundle.unit-test";
		};
/* End PBXNativeTarget section */

/* Begin PBXProject section */
		9ABCCC6B1A80693D00BA9C65 /* Project object */ = {
			isa = PBXProject;
			attributes = {
				LastUpgradeCheck = 0610;
				ORGANIZATIONNAME = zhanglei;
				TargetAttributes = {
					9ABCCC721A80693D00BA9C65 = {
						CreatedOnToolsVersion = 6.1.1;
					};
					9ABCCC8B1A80693D00BA9C65 = {
						CreatedOnToolsVersion = 6.1.1;
						TestTargetID = 9ABCCC721A80693D00BA9C65;
					};
				};
			};
			buildConfigurationList = 9ABCCC6E1A80693D00BA9C65 /* Build configuration list for PBXProject "DragImage" */;
			compatibilityVersion = "Xcode 3.2";
			developmentRegion = English;
			hasScannedForEncodings = 0;
			knownRegions = (
				en,
				Base,
			);
			mainGroup = 9ABCCC6A1A80693D00BA9C65;
			productRefGroup = 9ABCCC741A80693D00BA9C65 /* Products */;
			projectDirPath = "";
			projectRoot = "";
			targets = (
				9ABCCC721A80693D00BA9C65 /* DragImage */,
				9ABCCC8B1A80693D00BA9C65 /* DragImageTests */,
			);
		};
/* End PBXProject section */

/* Begin PBXResourcesBuildPhase section */
		9ABCCC711A80693D00BA9C65 /* Resources */ = {
			isa = PBXResourcesBuildPhase;
			buildActionMask = 2147483647;
			files = (
				9ABCCC821A80693D00BA9C65 /* Main.storyboard in Resources */,
				9ABCCC871A80693D00BA9C65 /* LaunchScreen.xib in Resources */,
				9ABCCC841A80693D00BA9C65 /* Images.xcassets in Resources */,
			);
			runOnlyForDeploymentPostprocessing = 0;
		};
		9ABCCC8A1A80693D00BA9C65 /* Resources */ = {
			isa = PBXResourcesBuildPhase;
			buildActionMask = 2147483647;
			files = (
			);
			runOnlyForDeploymentPostprocessing = 0;
		};
/* End PBXResourcesBuildPhase section */

/* Begin PBXSourcesBuildPhase section */
		9ABCCC6F1A80693D00BA9C65 /* Sources */ = {
			isa = PBXSourcesBuildPhase;
			buildActionMask = 2147483647;
			files = (
				9ABCCC7F1A80693D00BA9C65 /* ViewController.m in Sources */,
				9ABCCC7C1A80693D00BA9C65 /* AppDelegate.m in Sources */,
				9ABCCC791A80693D00BA9C65 /* main.m in Sources */,
				9ABCCC9E1A808CB100BA9C65 /* DragCell.m in Sources */,
			);
			runOnlyForDeploymentPostprocessing = 0;
		};
		9ABCCC881A80693D00BA9C65 /* Sources */ = {
			isa = PBXSourcesBuildPhase;
			buildActionMask = 2147483647;
			files = (
				9ABCCC931A80693D00BA9C65 /* DragImageTests.m in Sources */,
			);
			runOnlyForDeploymentPostprocessing = 0;
		};
/* End PBXSourcesBuildPhase section */

/* Begin PBXTargetDependency section */
		9ABCCC8E1A80693D00BA9C65 /* PBXTargetDependency */ = {
			isa = PBXTargetDependency;
			target = 9ABCCC721A80693D00BA9C65 /* DragImage */;
			targetProxy = 9ABCCC8D1A80693D00BA9C65 /* PBXContainerItemProxy */;
		};
/* End PBXTargetDependency section */

/* Begin PBXVariantGroup section */
		9ABCCC801A80693D00BA9C65 /* Main.storyboard */ = {
			isa = PBXVariantGroup;
			children = (
				9ABCCC811A80693D00BA9C65 /* Base */,
			);
			name = Main.storyboard;
			sourceTree = "<group>";
		};
		9ABCCC851A80693D00BA9C65 /* LaunchScreen.xib */ = {
			isa = PBXVariantGroup;
			children = (
				9ABCCC861A80693D00BA9C65 /* Base */,
			);
			name = LaunchScreen.xib;
			sourceTree = "<group>";
		};
/* End PBXVariantGroup section */

/* Begin XCBuildConfiguration section */
		9ABCCC941A80693D00BA9C65 /* Debug */ = {
			isa = XCBuildConfiguration;
			buildSettings = {
				ALWAYS_SEARCH_USER_PATHS = NO;
				CLANG_CXX_LANGUAGE_STANDARD = "gnu++0x";
				CLANG_CXX_LIBRARY = "libc++";
				CLANG_ENABLE_MODULES = YES;
				CLANG_ENABLE_OBJC_ARC = YES;
				CLANG_WARN_BOOL_CONVERSION = YES;
				CLANG_WARN_CONSTANT_CONVERSION = YES;
				CLANG_WARN_DIRECT_OBJC_ISA_USAGE = YES_ERROR;
				CLANG_WARN_EMPTY_BODY = YES;
				CLANG_WARN_ENUM_CONVERSION = YES;
				CLANG_WARN_INT_CONVERSION = YES;
				CLANG_WARN_OBJC_ROOT_CLASS = YES_ERROR;
				CLANG_WARN_UNREACHABLE_CODE = YES;
				CLANG_WARN__DUPLICATE_METHOD_MATCH = YES;
				"CODE_SIGN_IDENTITY[sdk=iphoneos*]" = "iPhone Developer";
				COPY_PHASE_STRIP = NO;
				ENABLE_STRICT_OBJC_MSGSEND = YES;
				GCC_C_LANGUAGE_STANDARD = gnu99;
				GCC_DYNAMIC_NO_PIC = NO;
				GCC_OPTIMIZATION_LEVEL = 0;
				GCC_PREPROCESSOR_DEFINITIONS = (
					"DEBUG=1",
					"$(inherited)",
				);
				GCC_SYMBOLS_PRIVATE_EXTERN = NO;
				GCC_WARN_64_TO_32_BIT_CONVERSION = YES;
				GCC_WARN_ABOUT_RETURN_TYPE = YES_ERROR;
				GCC_WARN_UNDECLARED_SELECTOR = YES;
				GCC_WARN_UNINITIALIZED_AUTOS = YES_AGGRESSIVE;
				GCC_WARN_UNUSED_FUNCTION = YES;
				GCC_WARN_UNUSED_VARIABLE = YES;
				IPHONEOS_DEPLOYMENT_TARGET = 8.1;
				MTL_ENABLE_DEBUG_INFO = YES;
				ONLY_ACTIVE_ARCH = YES;
				SDKROOT = iphoneos;
				TARGETED_DEVICE_FAMILY = "1,2";
			};
			name = Debug;
		};
		9ABCCC951A80693D00BA9C65 /* Release */ = {
			isa = XCBuildConfiguration;
			buildSettings = {
				ALWAYS_SEARCH_USER_PATHS = NO;
				CLANG_CXX_LANGUAGE_STANDARD = "gnu++0x";
				CLANG_CXX_LIBRARY = "libc++";
				CLANG_ENABLE_MODULES = YES;
				CLANG_ENABLE_OBJC_ARC = YES;
				CLANG_WARN_BOOL_CONVERSION = YES;
				CLANG_WARN_CONSTANT_CONVERSION = YES;
				CLANG_WARN_DIRECT_OBJC_ISA_USAGE = YES_ERROR;
				CLANG_WARN_EMPTY_BODY = YES;
				CLANG_WARN_ENUM_CONVERSION = YES;
				CLANG_WARN_INT_CONVERSION = YES;
				CLANG_WARN_OBJC_ROOT_CLASS = YES_ERROR;
				CLANG_WARN_UNREACHABLE_CODE = YES;
				CLANG_WARN__DUPLICATE_METHOD_MATCH = YES;
				"CODE_SIGN_IDENTITY[sdk=iphoneos*]" = "iPhone Developer";
				COPY_PHASE_STRIP = YES;
				ENABLE_NS_ASSERTIONS = NO;
				ENABLE_STRICT_OBJC_MSGSEND = YES;
				GCC_C_LANGUAGE_STANDARD = gnu99;
				GCC_WARN_64_TO_32_BIT_CONVERSION = YES;
				GCC_WARN_ABOUT_RETURN_TYPE = YES_ERROR;
				GCC_WARN_UNDECLARED_SELECTOR = YES;
				GCC_WARN_UNINITIALIZED_AUTOS = YES_AGGRESSIVE;
				GCC_WARN_UNUSED_FUNCTION = YES;
				GCC_WARN_UNUSED_VARIABLE = YES;
				IPHONEOS_DEPLOYMENT_TARGET = 8.1;
				MTL_ENABLE_DEBUG_INFO = NO;
				SDKROOT = iphoneos;
				TARGETED_DEVICE_FAMILY = "1,2";
				VALIDATE_PRODUCT = YES;
			};
			name = Release;
		};
		9ABCCC971A80693D00BA9C65 /* Debug */ = {
			isa = XCBuildConfiguration;
			buildSettings = {
				ASSETCATALOG_COMPILER_APPICON_NAME = AppIcon;
				INFOPLIST_FILE = DragImage/Info.plist;
				LD_RUNPATH_SEARCH_PATHS = "$(inherited) @executable_path/Frameworks";
				PRODUCT_NAME = "$(TARGET_NAME)";
			};
			name = Debug;
		};
		9ABCCC981A80693D00BA9C65 /* Release */ = {
			isa = XCBuildConfiguration;
			buildSettings = {
				ASSETCATALOG_COMPILER_APPICON_NAME = AppIcon;
				INFOPLIST_FILE = DragImage/Info.plist;
				LD_RUNPATH_SEARCH_PATHS = "$(inherited) @executable_path/Frameworks";
				PRODUCT_NAME = "$(TARGET_NAME)";
			};
			name = Release;
		};
		9ABCCC9A1A80693D00BA9C65 /* Debug */ = {
			isa = XCBuildConfiguration;
			buildSettings = {
				BUNDLE_LOADER = "$(TEST_HOST)";
				FRAMEWORK_SEARCH_PATHS = (
					"$(SDKROOT)/Developer/Library/Frameworks",
					"$(inherited)",
				);
				GCC_PREPROCESSOR_DEFINITIONS = (
					"DEBUG=1",
					"$(inherited)",
				);
				INFOPLIST_FILE = DragImageTests/Info.plist;
				LD_RUNPATH_SEARCH_PATHS = "$(inherited) @executable_path/Frameworks @loader_path/Frameworks";
				PRODUCT_NAME = "$(TARGET_NAME)";
				TEST_HOST = "$(BUILT_PRODUCTS_DIR)/DragImage.app/DragImage";
			};
			name = Debug;
		};
		9ABCCC9B1A80693D00BA9C65 /* Release */ = {
			isa = XCBuildConfiguration;
			buildSettings = {
				BUNDLE_LOADER = "$(TEST_HOST)";
				FRAMEWORK_SEARCH_PATHS = (
					"$(SDKROOT)/Developer/Library/Frameworks",
					"$(inherited)",
				);
				INFOPLIST_FILE = DragImageTests/Info.plist;
				LD_RUNPATH_SEARCH_PATHS = "$(inherited) @executable_path/Frameworks @loader_path/Frameworks";
				PRODUCT_NAME = "$(TARGET_NAME)";
				TEST_HOST = "$(BUILT_PRODUCTS_DIR)/DragImage.app/DragImage";
			};
			name = Release;
		};
/* End XCBuildConfiguration section */

/* Begin XCConfigurationList section */
		9ABCCC6E1A80693D00BA9C65 /* Build configuration list for PBXProject "DragImage" */ = {
			isa = XCConfigurationList;
			buildConfigurations = (
				9ABCCC941A80693D00BA9C65 /* Debug */,
				9ABCCC951A80693D00BA9C65 /* Release */,
			);
			defaultConfigurationIsVisible = 0;
			defaultConfigurationName = Release;
		};
		9ABCCC961A80693D00BA9C65 /* Build configuration list for PBXNativeTarget "DragImage" */ = {
			isa = XCConfigurationList;
			buildConfigurations = (
				9ABCCC971A80693D00BA9C65 /* Debug */,
				9ABCCC981A80693D00BA9C65 /* Release */,
			);
			defaultConfigurationIsVisible = 0;
		};
		9ABCCC991A80693D00BA9C65 /* Build configuration list for PBXNativeTarget "DragImageTests" */ = {
			isa = XCConfigurationList;
			buildConfigurations = (
				9ABCCC9A1A80693D00BA9C65 /* Debug */,
				9ABCCC9B1A80693D00BA9C65 /* Release */,
			);
			defaultConfigurationIsVisible = 0;
		};
/* End XCConfigurationList section */
	};
	rootObject = 9ABCCC6B1A80693D00BA9C65 /* Project object */;
}
